{
  "name": "chai-aur-react",
  "lockfileVersion": 3,
  "requires": true,
  "packages": {
    "": {
      "devDependencies": {
        "create-vite": "^6.1.1"
      }
    },
    "node_modules/create-vite": {
      "version": "6.1.1",
      "resolved": "https://registry.npmjs.org/create-vite/-/create-vite-6.1.1.tgz",
      "integrity": "sha512-oHcCcikmJqWVwUCf3OhwRwnTHY062koziG7niDvMPBEXnie/ME5b22v/Z9PuyWhnM0Yy4iTXk0y9ZRMivNXhvQ==",
      "dev": true,
      "license": "MIT",
      "bin": {
        "create-vite": "index.js",
        "cva": "index.js"
      },
      "engines": {
        "node": "^18.0.0 || ^20.0.0 || >=22.0.0"
      },
      "funding": {
        "url": "https://github.com/vitejs/vite?sponsor=1"
      }
    }
  }
}
